# This file is automatically @generated by Cargo.
# It is not intended for manual editing.
version = 4

[[package]]
name = "wvst-core"
version = "0.1.0"

[[package]]
name = "wvst-protocol"
version = "0.1.0"
dependencies = [
 "wvst-core",
]

[[package]]
name = "wvst-ringbuf"
version = "0.1.0"

[[package]]
name = "wvst-testkit"
version = "0.1.0"
dependencies = [
 "wvst-core",
 "wvst-protocol",
]
